
Microsoft Visual Studio Solution File, Format Version 12.00
# Visual Studio 14
VisualStudioVersion = 14.0.25420.1
MinimumVisualStudioVersion = 10.0.40219.1
Project("{FAE04EC0-301F-11D3-BF4B-00C04F79EFBC}") = "PracticeDemo", "PracticeDemo\PracticeDemo.csproj", "{E94F347C-1503-4B95-A26F-BC1DFDEAAECE}"
EndProject
Project("{FAE04EC0-301F-11D3-BF4B-00C04F79EFBC}") = "PracticeDemo.Tests", "PracticeDemo.Tests\PracticeDemo.Tests.csproj", "{F1435D9B-686C-461E-B214-A3206CEFA31E}"
EndProject
Global
	GlobalSection(SolutionConfigurationPlatforms) = preSolution
		Debug|Any CPU = Debug|Any CPU
		Release|Any CPU = Release|Any CPU
	EndGlobalSection
	GlobalSection(ProjectConfigurationPlatforms) = postSolution
		{E94F347C-1503-4B95-A26F-BC1DFDEAAECE}.Debug|Any CPU.ActiveCfg = Debug|Any CPU
		{E94F347C-1503-4B95-A26F-BC1DFDEAAECE}.Debug|Any CPU.Build.0 = Debug|Any CPU
		{E94F347C-1503-4B95-A26F-BC1DFDEAAECE}.Release|Any CPU.ActiveCfg = Release|Any CPU
		{E94F347C-1503-4B95-A26F-BC1DFDEAAECE}.Release|Any CPU.Build.0 = Release|Any CPU
		{F1435D9B-686C-461E-B214-A3206CEFA31E}.Debug|Any CPU.ActiveCfg = Debug|Any CPU
		{F1435D9B-686C-461E-B214-A3206CEFA31E}.Debug|Any CPU.Build.0 = Debug|Any CPU
		{F1435D9B-686C-461E-B214-A3206CEFA31E}.Release|Any CPU.ActiveCfg = Release|Any CPU
		{F1435D9B-686C-461E-B214-A3206CEFA31E}.Release|Any CPU.Build.0 = Release|Any CPU
	EndGlobalSection
	GlobalSection(SolutionProperties) = preSolution
		HideSolutionNode = FALSE
	EndGlobalSection
EndGlobal
